
Microsoft Visual Studio Solution File, Format Version 12.00
# Visual Studio Version 17
VisualStudioVersion = 17.4.33213.308
MinimumVisualStudioVersion = 10.0.40219.1
Project("{FAE04EC0-301F-11D3-BF4B-00C04F79EFBC}") = "assemblyVis", "assemblyVis\assemblyVis.csproj", "{C11078F8-A82E-4A79-A9C5-2313EB177A1A}"
EndProject
Global
	GlobalSection(SolutionConfigurationPlatforms) = preSolution
		Debug|Any CPU = Debug|Any CPU
		Release|Any CPU = Release|Any CPU
	EndGlobalSection
	GlobalSection(ProjectConfigurationPlatforms) = postSolution
		{C11078F8-A82E-4A79-A9C5-2313EB177A1A}.Debug|Any CPU.ActiveCfg = Debug|Any CPU
		{C11078F8-A82E-4A79-A9C5-2313EB177A1A}.Debug|Any CPU.Build.0 = Debug|Any CPU
		{C11078F8-A82E-4A79-A9C5-2313EB177A1A}.Release|Any CPU.ActiveCfg = Release|Any CPU
		{C11078F8-A82E-4A79-A9C5-2313EB177A1A}.Release|Any CPU.Build.0 = Release|Any CPU
	EndGlobalSection
	GlobalSection(SolutionProperties) = preSolution
		HideSolutionNode = FALSE
	EndGlobalSection
	GlobalSection(ExtensibilityGlobals) = postSolution
		SolutionGuid = {4CDF6D98-8827-46A5-B89E-695BF0CF03F2}
	EndGlobalSection
EndGlobal
